// !$*UTF8*$!
{
	archiveVersion = 1;
	classes = {
	};
	objectVersion = 50;
	objects = {

/* Begin PBXBuildFile section */
		05EAE472386B3F360EDC8D12 /* Pods_ClassTimeTests.framework in Frameworks */ = {isa = PBXBuildFile; fileRef = 87F16FB723858592B9E6CC1A /* Pods_ClassTimeTests.framework */; };
		4B308F27251FAE9600CD6C58 /* CheckClassViewController.swift in Sources */ = {isa = PBXBuildFile; fileRef = 4B308F26251FAE9600CD6C58 /* CheckClassViewController.swift */; };
		4B919DD0252028BF00B6B2A7 /* ScheduleViewController.swift in Sources */ = {isa = PBXBuildFile; fileRef = 4B919DCF252028BF00B6B2A7 /* ScheduleViewController.swift */; };
		4B919DDD25202BFA00B6B2A7 /* CourseViewCell.swift in Sources */ = {isa = PBXBuildFile; fileRef = 4B919DDC25202BFA00B6B2A7 /* CourseViewCell.swift */; };
		7D2A1B3F251FD39500054BF4 /* StyleFields.swift in Sources */ = {isa = PBXBuildFile; fileRef = 7D2A1B3E251FD39500054BF4 /* StyleFields.swift */; };
		7D2A1B44251FD4A800054BF4 /* SubmissionViewController.swift in Sources */ = {isa = PBXBuildFile; fileRef = 7D2A1B43251FD4A800054BF4 /* SubmissionViewController.swift */; };
		7D2A1B4F251FF36A00054BF4 /* CloudKit.framework in Frameworks */ = {isa = PBXBuildFile; fileRef = 7D2A1B4E251FF36A00054BF4 /* CloudKit.framework */; };
		7D2A1B5E252006E900054BF4 /* CourseInfoModel.swift in Sources */ = {isa = PBXBuildFile; fileRef = 7D2A1B5D252006E900054BF4 /* CourseInfoModel.swift */; };
		7DCD764A251F05EE00ED391E /* AppDelegate.swift in Sources */ = {isa = PBXBuildFile; fileRef = 7DCD7649251F05EE00ED391E /* AppDelegate.swift */; };
		7DCD764C251F05EE00ED391E /* SceneDelegate.swift in Sources */ = {isa = PBXBuildFile; fileRef = 7DCD764B251F05EE00ED391E /* SceneDelegate.swift */; };
		7DCD7651251F05EE00ED391E /* Main.storyboard in Resources */ = {isa = PBXBuildFile; fileRef = 7DCD764F251F05EE00ED391E /* Main.storyboard */; };
		7DCD7654251F05EE00ED391E /* ClassTime.xcdatamodeld in Sources */ = {isa = PBXBuildFile; fileRef = 7DCD7652251F05EE00ED391E /* ClassTime.xcdatamodeld */; };
		7DCD7656251F05F000ED391E /* Assets.xcassets in Resources */ = {isa = PBXBuildFile; fileRef = 7DCD7655251F05F000ED391E /* Assets.xcassets */; };
		7DCD7659251F05F000ED391E /* LaunchScreen.storyboard in Resources */ = {isa = PBXBuildFile; fileRef = 7DCD7657251F05F000ED391E /* LaunchScreen.storyboard */; };
		7DCD7664251F05F100ED391E /* ClassTimeTests.swift in Sources */ = {isa = PBXBuildFile; fileRef = 7DCD7663251F05F100ED391E /* ClassTimeTests.swift */; };
		7DCD766F251F05F100ED391E /* ClassTimeUITests.swift in Sources */ = {isa = PBXBuildFile; fileRef = 7DCD766E251F05F100ED391E /* ClassTimeUITests.swift */; };
		E0773A0EC5DD2D51B0CBB096 /* Pods_ClassTime.framework in Frameworks */ = {isa = PBXBuildFile; fileRef = 2FB2EDF37F577A2AA33A6218 /* Pods_ClassTime.framework */; };
		EF5960AA0EBEDB17CE0B6D22 /* Pods_ClassTime_ClassTimeUITests.framework in Frameworks */ = {isa = PBXBuildFile; fileRef = E53EA6DD26E419545C634F95 /* Pods_ClassTime_ClassTimeUITests.framework */; };
/* End PBXBuildFile section */

/* Begin PBXContainerItemProxy section */
		7DCD7660251F05F100ED391E /* PBXContainerItemProxy */ = {
			isa = PBXContainerItemProxy;
			containerPortal = 7DCD763E251F05ED00ED391E /* Project object */;
			proxyType = 1;
			remoteGlobalIDString = 7DCD7645251F05ED00ED391E;
			remoteInfo = ClassTime;
		};
		7DCD766B251F05F100ED391E /* PBXContainerItemProxy */ = {
			isa = PBXContainerItemProxy;
			containerPortal = 7DCD763E251F05ED00ED391E /* Project object */;
			proxyType = 1;
			remoteGlobalIDString = 7DCD7645251F05ED00ED391E;
			remoteInfo = ClassTime;
		};
/* End PBXContainerItemProxy section */

/* Begin PBXFileReference section */
		2FB2EDF37F577A2AA33A6218 /* Pods_ClassTime.framework */ = {isa = PBXFileReference; explicitFileType = wrapper.framework; includeInIndex = 0; path = Pods_ClassTime.framework; sourceTree = BUILT_PRODUCTS_DIR; };
		46AA9D7134138ABE838DD36D /* Pods-ClassTime-ClassTimeUITests.debug.xcconfig */ = {isa = PBXFileReference; includeInIndex = 1; lastKnownFileType = text.xcconfig; name = "Pods-ClassTime-ClassTimeUITests.debug.xcconfig"; path = "Target Support Files/Pods-ClassTime-ClassTimeUITests/Pods-ClassTime-ClassTimeUITests.debug.xcconfig"; sourceTree = "<group>"; };
		4B308F26251FAE9600CD6C58 /* CheckClassViewController.swift */ = {isa = PBXFileReference; lastKnownFileType = sourcecode.swift; path = CheckClassViewController.swift; sourceTree = "<group>"; };
		4B919DCF252028BF00B6B2A7 /* ScheduleViewController.swift */ = {isa = PBXFileReference; lastKnownFileType = sourcecode.swift; path = ScheduleViewController.swift; sourceTree = "<group>"; };
		4B919DDC25202BFA00B6B2A7 /* CourseViewCell.swift */ = {isa = PBXFileReference; lastKnownFileType = sourcecode.swift; path = CourseViewCell.swift; sourceTree = "<group>"; };
		5A4DAF2B5FE911993B2E9795 /* Pods-ClassTimeTests.release.xcconfig */ = {isa = PBXFileReference; includeInIndex = 1; lastKnownFileType = text.xcconfig; name = "Pods-ClassTimeTests.release.xcconfig"; path = "Target Support Files/Pods-ClassTimeTests/Pods-ClassTimeTests.release.xcconfig"; sourceTree = "<group>"; };
		631ECF3B52B25BE8FF3A0744 /* Pods-ClassTime.release.xcconfig */ = {isa = PBXFileReference; includeInIndex = 1; lastKnownFileType = text.xcconfig; name = "Pods-ClassTime.release.xcconfig"; path = "Target Support Files/Pods-ClassTime/Pods-ClassTime.release.xcconfig"; sourceTree = "<group>"; };
		7D2A1B3E251FD39500054BF4 /* StyleFields.swift */ = {isa = PBXFileReference; lastKnownFileType = sourcecode.swift; path = StyleFields.swift; sourceTree = "<group>"; };
		7D2A1B43251FD4A800054BF4 /* SubmissionViewController.swift */ = {isa = PBXFileReference; lastKnownFileType = sourcecode.swift; path = SubmissionViewController.swift; sourceTree = "<group>"; };
		7D2A1B49251FF35E00054BF4 /* ClassTime.entitlements */ = {isa = PBXFileReference; lastKnownFileType = text.plist.entitlements; path = ClassTime.entitlements; sourceTree = "<group>"; };
		7D2A1B4E251FF36A00054BF4 /* CloudKit.framework */ = {isa = PBXFileReference; lastKnownFileType = wrapper.framework; name = CloudKit.framework; path = System/Library/Frameworks/CloudKit.framework; sourceTree = SDKROOT; };
		7D2A1B5D252006E900054BF4 /* CourseInfoModel.swift */ = {isa = PBXFileReference; lastKnownFileType = sourcecode.swift; path = CourseInfoModel.swift; sourceTree = "<group>"; };
		7DCD7646251F05ED00ED391E /* ClassTime.app */ = {isa = PBXFileReference; explicitFileType = wrapper.application; includeInIndex = 0; path = ClassTime.app; sourceTree = BUILT_PRODUCTS_DIR; };
		7DCD7649251F05EE00ED391E /* AppDelegate.swift */ = {isa = PBXFileReference; lastKnownFileType = sourcecode.swift; path = AppDelegate.swift; sourceTree = "<group>"; };
		7DCD764B251F05EE00ED391E /* SceneDelegate.swift */ = {isa = PBXFileReference; lastKnownFileType = sourcecode.swift; path = SceneDelegate.swift; sourceTree = "<group>"; };
		7DCD7650251F05EE00ED391E /* Base */ = {isa = PBXFileReference; lastKnownFileType = file.storyboard; name = Base; path = Base.lproj/Main.storyboard; sourceTree = "<group>"; };
		7DCD7653251F05EE00ED391E /* ClassTime.xcdatamodel */ = {isa = PBXFileReference; lastKnownFileType = wrapper.xcdatamodel; path = ClassTime.xcdatamodel; sourceTree = "<group>"; };
		7DCD7655251F05F000ED391E /* Assets.xcassets */ = {isa = PBXFileReference; lastKnownFileType = folder.assetcatalog; path = Assets.xcassets; sourceTree = "<group>"; };
		7DCD7658251F05F000ED391E /* Base */ = {isa = PBXFileReference; lastKnownFileType = file.storyboard; name = Base; path = Base.lproj/LaunchScreen.storyboard; sourceTree = "<group>"; };
		7DCD765A251F05F000ED391E /* Info.plist */ = {isa = PBXFileReference; lastKnownFileType = text.plist.xml; path = Info.plist; sourceTree = "<group>"; };
		7DCD765F251F05F100ED391E /* ClassTimeTests.xctest */ = {isa = PBXFileReference; explicitFileType = wrapper.cfbundle; includeInIndex = 0; path = ClassTimeTests.xctest; sourceTree = BUILT_PRODUCTS_DIR; };
		7DCD7663251F05F100ED391E /* ClassTimeTests.swift */ = {isa = PBXFileReference; lastKnownFileType = sourcecode.swift; path = ClassTimeTests.swift; sourceTree = "<group>"; };
		7DCD7665251F05F100ED391E /* Info.plist */ = {isa = PBXFileReference; lastKnownFileType = text.plist.xml; path = Info.plist; sourceTree = "<group>"; };
		7DCD766A251F05F100ED391E /* ClassTimeUITests.xctest */ = {isa = PBXFileReference; explicitFileType = wrapper.cfbundle; includeInIndex = 0; path = ClassTimeUITests.xctest; sourceTree = BUILT_PRODUCTS_DIR; };
		7DCD766E251F05F100ED391E /* ClassTimeUITests.swift */ = {isa = PBXFileReference; lastKnownFileType = sourcecode.swift; path = ClassTimeUITests.swift; sourceTree = "<group>"; };
		7DCD7670251F05F100ED391E /* Info.plist */ = {isa = PBXFileReference; lastKnownFileType = text.plist.xml; path = Info.plist; sourceTree = "<group>"; };
		87F16FB723858592B9E6CC1A /* Pods_ClassTimeTests.framework */ = {isa = PBXFileReference; explicitFileType = wrapper.framework; includeInIndex = 0; path = Pods_ClassTimeTests.framework; sourceTree = BUILT_PRODUCTS_DIR; };
		8FBCFAB9BCCD8AE1B38B7B14 /* Pods-ClassTime-ClassTimeUITests.release.xcconfig */ = {isa = PBXFileReference; includeInIndex = 1; lastKnownFileType = text.xcconfig; name = "Pods-ClassTime-ClassTimeUITests.release.xcconfig"; path = "Target Support Files/Pods-ClassTime-ClassTimeUITests/Pods-ClassTime-ClassTimeUITests.release.xcconfig"; sourceTree = "<group>"; };
		AB75177715C8E6A76199D52D /* Pods-ClassTime.debug.xcconfig */ = {isa = PBXFileReference; includeInIndex = 1; lastKnownFileType = text.xcconfig; name = "Pods-ClassTime.debug.xcconfig"; path = "Target Support Files/Pods-ClassTime/Pods-ClassTime.debug.xcconfig"; sourceTree = "<group>"; };
		C4B10CDD79755B16DFFC01A4 /* Pods-ClassTimeTests.debug.xcconfig */ = {isa = PBXFileReference; includeInIndex = 1; lastKnownFileType = text.xcconfig; name = "Pods-ClassTimeTests.debug.xcconfig"; path = "Target Support Files/Pods-ClassTimeTests/Pods-ClassTimeTests.debug.xcconfig"; sourceTree = "<group>"; };
		E53EA6DD26E419545C634F95 /* Pods_ClassTime_ClassTimeUITests.framework */ = {isa = PBXFileReference; explicitFileType = wrapper.framework; includeInIndex = 0; path = Pods_ClassTime_ClassTimeUITests.framework; sourceTree = BUILT_PRODUCTS_DIR; };
/* End PBXFileReference section */

/* Begin PBXFrameworksBuildPhase section */
		7DCD7643251F05ED00ED391E /* Frameworks */ = {
			isa = PBXFrameworksBuildPhase;
			buildActionMask = 2147483647;
			files = (
				7D2A1B4F251FF36A00054BF4 /* CloudKit.framework in Frameworks */,
				E0773A0EC5DD2D51B0CBB096 /* Pods_ClassTime.framework in Frameworks */,
			);
			runOnlyForDeploymentPostprocessing = 0;
		};
		7DCD765C251F05F100ED391E /* Frameworks */ = {
			isa = PBXFrameworksBuildPhase;
			buildActionMask = 2147483647;
			files = (
				05EAE472386B3F360EDC8D12 /* Pods_ClassTimeTests.framework in Frameworks */,
			);
			runOnlyForDeploymentPostprocessing = 0;
		};
		7DCD7667251F05F100ED391E /* Frameworks */ = {
			isa = PBXFrameworksBuildPhase;
			buildActionMask = 2147483647;
			files = (
				EF5960AA0EBEDB17CE0B6D22 /* Pods_ClassTime_ClassTimeUITests.framework in Frameworks */,
			);
			runOnlyForDeploymentPostprocessing = 0;
		};
/* End PBXFrameworksBuildPhase section */

/* Begin PBXGroup section */
		0B29E44C0C4891FE39668062 /* Pods */ = {
			isa = PBXGroup;
			children = (
				AB75177715C8E6A76199D52D /* Pods-ClassTime.debug.xcconfig */,
				631ECF3B52B25BE8FF3A0744 /* Pods-ClassTime.release.xcconfig */,
				46AA9D7134138ABE838DD36D /* Pods-ClassTime-ClassTimeUITests.debug.xcconfig */,
				8FBCFAB9BCCD8AE1B38B7B14 /* Pods-ClassTime-ClassTimeUITests.release.xcconfig */,
				C4B10CDD79755B16DFFC01A4 /* Pods-ClassTimeTests.debug.xcconfig */,
				5A4DAF2B5FE911993B2E9795 /* Pods-ClassTimeTests.release.xcconfig */,
			);
			name = Pods;
			path = Pods;
			sourceTree = "<group>";
		};
		7D2A1B4D251FF36A00054BF4 /* Frameworks */ = {
			isa = PBXGroup;
			children = (
				7D2A1B4E251FF36A00054BF4 /* CloudKit.framework */,
				2FB2EDF37F577A2AA33A6218 /* Pods_ClassTime.framework */,
				E53EA6DD26E419545C634F95 /* Pods_ClassTime_ClassTimeUITests.framework */,
				87F16FB723858592B9E6CC1A /* Pods_ClassTimeTests.framework */,
			);
			name = Frameworks;
			sourceTree = "<group>";
		};
		7DCD763D251F05ED00ED391E = {
			isa = PBXGroup;
			children = (
				7DCD7648251F05ED00ED391E /* ClassTime */,
				7DCD7662251F05F100ED391E /* ClassTimeTests */,
				7DCD766D251F05F100ED391E /* ClassTimeUITests */,
				7DCD7647251F05ED00ED391E /* Products */,
				7D2A1B4D251FF36A00054BF4 /* Frameworks */,
				0B29E44C0C4891FE39668062 /* Pods */,
			);
			sourceTree = "<group>";
		};
		7DCD7647251F05ED00ED391E /* Products */ = {
			isa = PBXGroup;
			children = (
				7DCD7646251F05ED00ED391E /* ClassTime.app */,
				7DCD765F251F05F100ED391E /* ClassTimeTests.xctest */,
				7DCD766A251F05F100ED391E /* ClassTimeUITests.xctest */,
			);
			name = Products;
			sourceTree = "<group>";
		};
		7DCD7648251F05ED00ED391E /* ClassTime */ = {
			isa = PBXGroup;
			children = (
				7D2A1B49251FF35E00054BF4 /* ClassTime.entitlements */,
				4B308F26251FAE9600CD6C58 /* CheckClassViewController.swift */,
				7DCD7649251F05EE00ED391E /* AppDelegate.swift */,
				7DCD764B251F05EE00ED391E /* SceneDelegate.swift */,
				7DCD764F251F05EE00ED391E /* Main.storyboard */,
				4B919DDC25202BFA00B6B2A7 /* CourseViewCell.swift */,
				7DCD7655251F05F000ED391E /* Assets.xcassets */,
				7DCD7657251F05F000ED391E /* LaunchScreen.storyboard */,
				7DCD765A251F05F000ED391E /* Info.plist */,
				7DCD7652251F05EE00ED391E /* ClassTime.xcdatamodeld */,
				7D2A1B3E251FD39500054BF4 /* StyleFields.swift */,
				7D2A1B43251FD4A800054BF4 /* SubmissionViewController.swift */,
				4B919DCF252028BF00B6B2A7 /* ScheduleViewController.swift */,
				7D2A1B5D252006E900054BF4 /* CourseInfoModel.swift */,
			);
			path = ClassTime;
			sourceTree = "<group>";
		};
		7DCD7662251F05F100ED391E /* ClassTimeTests */ = {
			isa = PBXGroup;
			children = (
				7DCD7663251F05F100ED391E /* ClassTimeTests.swift */,
				7DCD7665251F05F100ED391E /* Info.plist */,
			);
			path = ClassTimeTests;
			sourceTree = "<group>";
		};
		7DCD766D251F05F100ED391E /* ClassTimeUITests */ = {
			isa = PBXGroup;
			children = (
				7DCD766E251F05F100ED391E /* ClassTimeUITests.swift */,
				7DCD7670251F05F100ED391E /* Info.plist */,
			);
			path = ClassTimeUITests;
			sourceTree = "<group>";
		};
/* End PBXGroup section */

/* Begin PBXNativeTarget section */
		7DCD7645251F05ED00ED391E /* ClassTime */ = {
			isa = PBXNativeTarget;
			buildConfigurationList = 7DCD7673251F05F100ED391E /* Build configuration list for PBXNativeTarget "ClassTime" */;
			buildPhases = (
				D2EA61CF295777D47D24D080 /* [CP] Check Pods Manifest.lock */,
				7DCD7642251F05ED00ED391E /* Sources */,
				7DCD7643251F05ED00ED391E /* Frameworks */,
				7DCD7644251F05ED00ED391E /* Resources */,
				A1410B76A49FBE01823142C1 /* [CP] Embed Pods Frameworks */,
			);
			buildRules = (
			);
			dependencies = (
			);
			name = ClassTime;
			productName = ClassTime;
			productReference = 7DCD7646251F05ED00ED391E /* ClassTime.app */;
			productType = "com.apple.product-type.application";
		};
		7DCD765E251F05F100ED391E /* ClassTimeTests */ = {
			isa = PBXNativeTarget;
			buildConfigurationList = 7DCD7676251F05F100ED391E /* Build configuration list for PBXNativeTarget "ClassTimeTests" */;
			buildPhases = (
				5DB31D12C63341347FCCAC10 /* [CP] Check Pods Manifest.lock */,
				7DCD765B251F05F100ED391E /* Sources */,
				7DCD765C251F05F100ED391E /* Frameworks */,
				7DCD765D251F05F100ED391E /* Resources */,
			);
			buildRules = (
			);
			dependencies = (
				7DCD7661251F05F100ED391E /* PBXTargetDependency */,
			);
			name = ClassTimeTests;
			productName = ClassTimeTests;
			productReference = 7DCD765F251F05F100ED391E /* ClassTimeTests.xctest */;
			productType = "com.apple.product-type.bundle.unit-test";
		};
		7DCD7669251F05F100ED391E /* ClassTimeUITests */ = {
			isa = PBXNativeTarget;
			buildConfigurationList = 7DCD7679251F05F100ED391E /* Build configuration list for PBXNativeTarget "ClassTimeUITests" */;
			buildPhases = (
				2034A71834F03806F620F2CB /* [CP] Check Pods Manifest.lock */,
				7DCD7666251F05F100ED391E /* Sources */,
				7DCD7667251F05F100ED391E /* Frameworks */,
				7DCD7668251F05F100ED391E /* Resources */,
				C5373C52259B2BB0947F97A1 /* [CP] Embed Pods Frameworks */,
			);
			buildRules = (
			);
			dependencies = (
				7DCD766C251F05F100ED391E /* PBXTargetDependency */,
			);
			name = ClassTimeUITests;
			productName = ClassTimeUITests;
			productReference = 7DCD766A251F05F100ED391E /* ClassTimeUITests.xctest */;
			productType = "com.apple.product-type.bundle.ui-testing";
		};
/* End PBXNativeTarget section */

/* Begin PBXProject section */
		7DCD763E251F05ED00ED391E /* Project object */ = {
			isa = PBXProject;
			attributes = {
				LastSwiftUpdateCheck = 1200;
				LastUpgradeCheck = 1200;
				TargetAttributes = {
					7DCD7645251F05ED00ED391E = {
						CreatedOnToolsVersion = 12.0.1;
					};
					7DCD765E251F05F100ED391E = {
						CreatedOnToolsVersion = 12.0.1;
						TestTargetID = 7DCD7645251F05ED00ED391E;
					};
					7DCD7669251F05F100ED391E = {
						CreatedOnToolsVersion = 12.0.1;
						TestTargetID = 7DCD7645251F05ED00ED391E;
					};
				};
			};
			buildConfigurationList = 7DCD7641251F05ED00ED391E /* Build configuration list for PBXProject "ClassTime" */;
			compatibilityVersion = "Xcode 9.3";
			developmentRegion = en;
			hasScannedForEncodings = 0;
			knownRegions = (
				en,
				Base,
			);
			mainGroup = 7DCD763D251F05ED00ED391E;
			productRefGroup = 7DCD7647251F05ED00ED391E /* Products */;
			projectDirPath = "";
			projectRoot = "";
			targets = (
				7DCD7645251F05ED00ED391E /* ClassTime */,
				7DCD765E251F05F100ED391E /* ClassTimeTests */,
				7DCD7669251F05F100ED391E /* ClassTimeUITests */,
			);
		};
/* End PBXProject section */

/* Begin PBXResourcesBuildPhase section */
		7DCD7644251F05ED00ED391E /* Resources */ = {
			isa = PBXResourcesBuildPhase;
			buildActionMask = 2147483647;
			files = (
				7DCD7659251F05F000ED391E /* LaunchScreen.storyboard in Resources */,
				7DCD7656251F05F000ED391E /* Assets.xcassets in Resources */,
				7DCD7651251F05EE00ED391E /* Main.storyboard in Resources */,
			);
			runOnlyForDeploymentPostprocessing = 0;
		};
		7DCD765D251F05F100ED391E /* Resources */ = {
			isa = PBXResourcesBuildPhase;
			buildActionMask = 2147483647;
			files = (
			);
			runOnlyForDeploymentPostprocessing = 0;
		};
		7DCD7668251F05F100ED391E /* Resources */ = {
			isa = PBXResourcesBuildPhase;
			buildActionMask = 2147483647;
			files = (
			);
			runOnlyForDeploymentPostprocessing = 0;
		};
/* End PBXResourcesBuildPhase section */

/* Begin PBXShellScriptBuildPhase section */
		2034A71834F03806F620F2CB /* [CP] Check Pods Manifest.lock */ = {
			isa = PBXShellScriptBuildPhase;
			buildActionMask = 2147483647;
			files = (
			);
			inputFileListPaths = (
			);
			inputPaths = (
				"${PODS_PODFILE_DIR_PATH}/Podfile.lock",
				"${PODS_ROOT}/Manifest.lock",
			);
			name = "[CP] Check Pods Manifest.lock";
			outputFileListPaths = (
			);
			outputPaths = (
				"$(DERIVED_FILE_DIR)/Pods-ClassTime-ClassTimeUITests-checkManifestLockResult.txt",
			);
			runOnlyForDeploymentPostprocessing = 0;
			shellPath = /bin/sh;
			shellScript = "diff \"${PODS_PODFILE_DIR_PATH}/Podfile.lock\" \"${PODS_ROOT}/Manifest.lock\" > /dev/null\nif [ $? != 0 ] ; then\n    # print error to STDERR\n    echo \"error: The sandbox is not in sync with the Podfile.lock. Run 'pod install' or update your CocoaPods installation.\" >&2\n    exit 1\nfi\n# This output is used by Xcode 'outputs' to avoid re-running this script phase.\necho \"SUCCESS\" > \"${SCRIPT_OUTPUT_FILE_0}\"\n";
			showEnvVarsInLog = 0;
		};
		5DB31D12C63341347FCCAC10 /* [CP] Check Pods Manifest.lock */ = {
			isa = PBXShellScriptBuildPhase;
			buildActionMask = 2147483647;
			files = (
			);
			inputFileListPaths = (
			);
			inputPaths = (
				"${PODS_PODFILE_DIR_PATH}/Podfile.lock",
				"${PODS_ROOT}/Manifest.lock",
			);
			name = "[CP] Check Pods Manifest.lock";
			outputFileListPaths = (
			);
			outputPaths = (
				"$(DERIVED_FILE_DIR)/Pods-ClassTimeTests-checkManifestLockResult.txt",
			);
			runOnlyForDeploymentPostprocessing = 0;
			shellPath = /bin/sh;
			shellScript = "diff \"${PODS_PODFILE_DIR_PATH}/Podfile.lock\" \"${PODS_ROOT}/Manifest.lock\" > /dev/null\nif [ $? != 0 ] ; then\n    # print error to STDERR\n    echo \"error: The sandbox is not in sync with the Podfile.lock. Run 'pod install' or update your CocoaPods installation.\" >&2\n    exit 1\nfi\n# This output is used by Xcode 'outputs' to avoid re-running this script phase.\necho \"SUCCESS\" > \"${SCRIPT_OUTPUT_FILE_0}\"\n";
			showEnvVarsInLog = 0;
		};
		A1410B76A49FBE01823142C1 /* [CP] Embed Pods Frameworks */ = {
			isa = PBXShellScriptBuildPhase;
			buildActionMask = 2147483647;
			files = (
			);
			inputFileListPaths = (
				"${PODS_ROOT}/Target Support Files/Pods-ClassTime/Pods-ClassTime-frameworks-${CONFIGURATION}-input-files.xcfilelist",
			);
			name = "[CP] Embed Pods Frameworks";
			outputFileListPaths = (
				"${PODS_ROOT}/Target Support Files/Pods-ClassTime/Pods-ClassTime-frameworks-${CONFIGURATION}-output-files.xcfilelist",
			);
			runOnlyForDeploymentPostprocessing = 0;
			shellPath = /bin/sh;
			shellScript = "\"${PODS_ROOT}/Target Support Files/Pods-ClassTime/Pods-ClassTime-frameworks.sh\"\n";
			showEnvVarsInLog = 0;
		};
		C5373C52259B2BB0947F97A1 /* [CP] Embed Pods Frameworks */ = {
			isa = PBXShellScriptBuildPhase;
			buildActionMask = 2147483647;
			files = (
			);
			inputFileListPaths = (
				"${PODS_ROOT}/Target Support Files/Pods-ClassTime-ClassTimeUITests/Pods-ClassTime-ClassTimeUITests-frameworks-${CONFIGURATION}-input-files.xcfilelist",
			);
			name = "[CP] Embed Pods Frameworks";
			outputFileListPaths = (
				"${PODS_ROOT}/Target Support Files/Pods-ClassTime-ClassTimeUITests/Pods-ClassTime-ClassTimeUITests-frameworks-${CONFIGURATION}-output-files.xcfilelist",
			);
			runOnlyForDeploymentPostprocessing = 0;
			shellPath = /bin/sh;
			shellScript = "\"${PODS_ROOT}/Target Support Files/Pods-ClassTime-ClassTimeUITests/Pods-ClassTime-ClassTimeUITests-frameworks.sh\"\n";
			showEnvVarsInLog = 0;
		};
		D2EA61CF295777D47D24D080 /* [CP] Check Pods Manifest.lock */ = {
			isa = PBXShellScriptBuildPhase;
			buildActionMask = 2147483647;
			files = (
			);
			inputFileListPaths = (
			);
			inputPaths = (
				"${PODS_PODFILE_DIR_PATH}/Podfile.lock",
				"${PODS_ROOT}/Manifest.lock",
			);
			name = "[CP] Check Pods Manifest.lock";
			outputFileListPaths = (
			);
			outputPaths = (
				"$(DERIVED_FILE_DIR)/Pods-ClassTime-checkManifestLockResult.txt",
			);
			runOnlyForDeploymentPostprocessing = 0;
			shellPath = /bin/sh;
			shellScript = "diff \"${PODS_PODFILE_DIR_PATH}/Podfile.lock\" \"${PODS_ROOT}/Manifest.lock\" > /dev/null\nif [ $? != 0 ] ; then\n    # print error to STDERR\n    echo \"error: The sandbox is not in sync with the Podfile.lock. Run 'pod install' or update your CocoaPods installation.\" >&2\n    exit 1\nfi\n# This output is used by Xcode 'outputs' to avoid re-running this script phase.\necho \"SUCCESS\" > \"${SCRIPT_OUTPUT_FILE_0}\"\n";
			showEnvVarsInLog = 0;
		};
/* End PBXShellScriptBuildPhase section */

/* Begin PBXSourcesBuildPhase section */
		7DCD7642251F05ED00ED391E /* Sources */ = {
			isa = PBXSourcesBuildPhase;
			buildActionMask = 2147483647;
			files = (
				7D2A1B5E252006E900054BF4 /* CourseInfoModel.swift in Sources */,
				4B308F27251FAE9600CD6C58 /* CheckClassViewController.swift in Sources */,
				7DCD764A251F05EE00ED391E /* AppDelegate.swift in Sources */,
				4B919DDD25202BFA00B6B2A7 /* CourseViewCell.swift in Sources */,
				4B919DD0252028BF00B6B2A7 /* ScheduleViewController.swift in Sources */,
				7D2A1B44251FD4A800054BF4 /* SubmissionViewController.swift in Sources */,
				7DCD764C251F05EE00ED391E /* SceneDelegate.swift in Sources */,
				7DCD7654251F05EE00ED391E /* ClassTime.xcdatamodeld in Sources */,
				7D2A1B3F251FD39500054BF4 /* StyleFields.swift in Sources */,
			);
			runOnlyForDeploymentPostprocessing = 0;
		};
		7DCD765B251F05F100ED391E /* Sources */ = {
			isa = PBXSourcesBuildPhase;
			buildActionMask = 2147483647;
			files = (
				7DCD7664251F05F100ED391E /* ClassTimeTests.swift in Sources */,
			);
			runOnlyForDeploymentPostprocessing = 0;
		};
		7DCD7666251F05F100ED391E /* Sources */ = {
			isa = PBXSourcesBuildPhase;
			buildActionMask = 2147483647;
			files = (
				7DCD766F251F05F100ED391E /* ClassTimeUITests.swift in Sources */,
			);
			runOnlyForDeploymentPostprocessing = 0;
		};
/* End PBXSourcesBuildPhase section */

/* Begin PBXTargetDependency section */
		7DCD7661251F05F100ED391E /* PBXTargetDependency */ = {
			isa = PBXTargetDependency;
			target = 7DCD7645251F05ED00ED391E /* ClassTime */;
			targetProxy = 7DCD7660251F05F100ED391E /* PBXContainerItemProxy */;
		};
		7DCD766C251F05F100ED391E /* PBXTargetDependency */ = {
			isa = PBXTargetDependency;
			target = 7DCD7645251F05ED00ED391E /* ClassTime */;
			targetProxy = 7DCD766B251F05F100ED391E /* PBXContainerItemProxy */;
		};
/* End PBXTargetDependency section */

/* Begin PBXVariantGroup section */
		7DCD764F251F05EE00ED391E /* Main.storyboard */ = {
			isa = PBXVariantGroup;
			children = (
				7DCD7650251F05EE00ED391E /* Base */,
			);
			name = Main.storyboard;
			sourceTree = "<group>";
		};
		7DCD7657251F05F000ED391E /* LaunchScreen.storyboard */ = {
			isa = PBXVariantGroup;
			children = (
				7DCD7658251F05F000ED391E /* Base */,
			);
			name = LaunchScreen.storyboard;
			sourceTree = "<group>";
		};
/* End PBXVariantGroup section */

/* Begin XCBuildConfiguration section */
		7DCD7671251F05F100ED391E /* Debug */ = {
			isa = XCBuildConfiguration;
			buildSettings = {
				ALWAYS_SEARCH_USER_PATHS = NO;
				CLANG_ANALYZER_NONNULL = YES;
				CLANG_ANALYZER_NUMBER_OBJECT_CONVERSION = YES_AGGRESSIVE;
				CLANG_CXX_LANGUAGE_STANDARD = "gnu++14";
				CLANG_CXX_LIBRARY = "libc++";
				CLANG_ENABLE_MODULES = YES;
				CLANG_ENABLE_OBJC_ARC = YES;
				CLANG_ENABLE_OBJC_WEAK = YES;
				CLANG_WARN_BLOCK_CAPTURE_AUTORELEASING = YES;
				CLANG_WARN_BOOL_CONVERSION = YES;
				CLANG_WARN_COMMA = YES;
				CLANG_WARN_CONSTANT_CONVERSION = YES;
				CLANG_WARN_DEPRECATED_OBJC_IMPLEMENTATIONS = YES;
				CLANG_WARN_DIRECT_OBJC_ISA_USAGE = YES_ERROR;
				CLANG_WARN_DOCUMENTATION_COMMENTS = YES;
				CLANG_WARN_EMPTY_BODY = YES;
				CLANG_WARN_ENUM_CONVERSION = YES;
				CLANG_WARN_INFINITE_RECURSION = YES;
				CLANG_WARN_INT_CONVERSION = YES;
				CLANG_WARN_NON_LITERAL_NULL_CONVERSION = YES;
				CLANG_WARN_OBJC_IMPLICIT_RETAIN_SELF = YES;
				CLANG_WARN_OBJC_LITERAL_CONVERSION = YES;
				CLANG_WARN_OBJC_ROOT_CLASS = YES_ERROR;
				CLANG_WARN_QUOTED_INCLUDE_IN_FRAMEWORK_HEADER = YES;
				CLANG_WARN_RANGE_LOOP_ANALYSIS = YES;
				CLANG_WARN_STRICT_PROTOTYPES = YES;
				CLANG_WARN_SUSPICIOUS_MOVE = YES;
				CLANG_WARN_UNGUARDED_AVAILABILITY = YES_AGGRESSIVE;
				CLANG_WARN_UNREACHABLE_CODE = YES;
				CLANG_WARN__DUPLICATE_METHOD_MATCH = YES;
				COPY_PHASE_STRIP = NO;
				DEBUG_INFORMATION_FORMAT = dwarf;
				ENABLE_STRICT_OBJC_MSGSEND = YES;
				ENABLE_TESTABILITY = YES;
				GCC_C_LANGUAGE_STANDARD = gnu11;
				GCC_DYNAMIC_NO_PIC = NO;
				GCC_NO_COMMON_BLOCKS = YES;
				GCC_OPTIMIZATION_LEVEL = 0;
				GCC_PREPROCESSOR_DEFINITIONS = (
					"DEBUG=1",
					"$(inherited)",
				);
				GCC_WARN_64_TO_32_BIT_CONVERSION = YES;
				GCC_WARN_ABOUT_RETURN_TYPE = YES_ERROR;
				GCC_WARN_UNDECLARED_SELECTOR = YES;
				GCC_WARN_UNINITIALIZED_AUTOS = YES_AGGRESSIVE;
				GCC_WARN_UNUSED_FUNCTION = YES;
				GCC_WARN_UNUSED_VARIABLE = YES;
				IPHONEOS_DEPLOYMENT_TARGET = 14.0;
				MTL_ENABLE_DEBUG_INFO = INCLUDE_SOURCE;
				MTL_FAST_MATH = YES;
				ONLY_ACTIVE_ARCH = YES;
				SDKROOT = iphoneos;
				SWIFT_ACTIVE_COMPILATION_CONDITIONS = DEBUG;
				SWIFT_OPTIMIZATION_LEVEL = "-Onone";
			};
			name = Debug;
		};
		7DCD7672251F05F100ED391E /* Release */ = {
			isa = XCBuildConfiguration;
			buildSettings = {
				ALWAYS_SEARCH_USER_PATHS = NO;
				CLANG_ANALYZER_NONNULL = YES;
				CLANG_ANALYZER_NUMBER_OBJECT_CONVERSION = YES_AGGRESSIVE;
				CLANG_CXX_LANGUAGE_STANDARD = "gnu++14";
				CLANG_CXX_LIBRARY = "libc++";
				CLANG_ENABLE_MODULES = YES;
				CLANG_ENABLE_OBJC_ARC = YES;
				CLANG_ENABLE_OBJC_WEAK = YES;
				CLANG_WARN_BLOCK_CAPTURE_AUTORELEASING = YES;
				CLANG_WARN_BOOL_CONVERSION = YES;
				CLANG_WARN_COMMA = YES;
				CLANG_WARN_CONSTANT_CONVERSION = YES;
				CLANG_WARN_DEPRECATED_OBJC_IMPLEMENTATIONS = YES;
				CLANG_WARN_DIRECT_OBJC_ISA_USAGE = YES_ERROR;
				CLANG_WARN_DOCUMENTATION_COMMENTS = YES;
				CLANG_WARN_EMPTY_BODY = YES;
				CLANG_WARN_ENUM_CONVERSION = YES;
				CLANG_WARN_INFINITE_RECURSION = YES;
				CLANG_WARN_INT_CONVERSION = YES;
				CLANG_WARN_NON_LITERAL_NULL_CONVERSION = YES;
				CLANG_WARN_OBJC_IMPLICIT_RETAIN_SELF = YES;
				CLANG_WARN_OBJC_LITERAL_CONVERSION = YES;
				CLANG_WARN_OBJC_ROOT_CLASS = YES_ERROR;
				CLANG_WARN_QUOTED_INCLUDE_IN_FRAMEWORK_HEADER = YES;
				CLANG_WARN_RANGE_LOOP_ANALYSIS = YES;
				CLANG_WARN_STRICT_PROTOTYPES = YES;
				CLANG_WARN_SUSPICIOUS_MOVE = YES;
				CLANG_WARN_UNGUARDED_AVAILABILITY = YES_AGGRESSIVE;
				CLANG_WARN_UNREACHABLE_CODE = YES;
				CLANG_WARN__DUPLICATE_METHOD_MATCH = YES;
				COPY_PHASE_STRIP = NO;
				DEBUG_INFORMATION_FORMAT = "dwarf-with-dsym";
				ENABLE_NS_ASSERTIONS = NO;
				ENABLE_STRICT_OBJC_MSGSEND = YES;
				GCC_C_LANGUAGE_STANDARD = gnu11;
				GCC_NO_COMMON_BLOCKS = YES;
				GCC_WARN_64_TO_32_BIT_CONVERSION = YES;
				GCC_WARN_ABOUT_RETURN_TYPE = YES_ERROR;
				GCC_WARN_UNDECLARED_SELECTOR = YES;
				GCC_WARN_UNINITIALIZED_AUTOS = YES_AGGRESSIVE;
				GCC_WARN_UNUSED_FUNCTION = YES;
				GCC_WARN_UNUSED_VARIABLE = YES;
				IPHONEOS_DEPLOYMENT_TARGET = 14.0;
				MTL_ENABLE_DEBUG_INFO = NO;
				MTL_FAST_MATH = YES;
				SDKROOT = iphoneos;
				SWIFT_COMPILATION_MODE = wholemodule;
				SWIFT_OPTIMIZATION_LEVEL = "-O";
				VALIDATE_PRODUCT = YES;
			};
			name = Release;
		};
		7DCD7674251F05F100ED391E /* Debug */ = {
			isa = XCBuildConfiguration;
			baseConfigurationReference = AB75177715C8E6A76199D52D /* Pods-ClassTime.debug.xcconfig */;
			buildSettings = {
				ASSETCATALOG_COMPILER_APPICON_NAME = AppIcon;
				ASSETCATALOG_COMPILER_GLOBAL_ACCENT_COLOR_NAME = AccentColor;
				CODE_SIGN_ENTITLEMENTS = ClassTime/ClassTime.entitlements;
				CODE_SIGN_STYLE = Automatic;
				DEVELOPMENT_TEAM = DV4WN9J9W8;
				INFOPLIST_FILE = ClassTime/Info.plist;
				LD_RUNPATH_SEARCH_PATHS = (
					"$(inherited)",
					"@executable_path/Frameworks",
				);
				PRODUCT_BUNDLE_IDENTIFIER = com.reinergonzalez.ClassTime;
				PRODUCT_NAME = "$(TARGET_NAME)";
				SWIFT_VERSION = 5.0;
				TARGETED_DEVICE_FAMILY = "1,2";
			};
			name = Debug;
		};
		7DCD7675251F05F100ED391E /* Release */ = {
			isa = XCBuildConfiguration;
			baseConfigurationReference = 631ECF3B52B25BE8FF3A0744 /* Pods-ClassTime.release.xcconfig */;
			buildSettings = {
				ASSETCATALOG_COMPILER_APPICON_NAME = AppIcon;
				ASSETCATALOG_COMPILER_GLOBAL_ACCENT_COLOR_NAME = AccentColor;
				CODE_SIGN_ENTITLEMENTS = ClassTime/ClassTime.entitlements;
				CODE_SIGN_STYLE = Automatic;
				DEVELOPMENT_TEAM = "";
				INFOPLIST_FILE = ClassTime/Info.plist;
				LD_RUNPATH_SEARCH_PATHS = (
					"$(inherited)",
					"@executable_path/Frameworks",
				);
				PRODUCT_BUNDLE_IDENTIFIER = com.reinergonzalez.ClassTime;
				PRODUCT_NAME = "$(TARGET_NAME)";
				SWIFT_VERSION = 5.0;
				TARGETED_DEVICE_FAMILY = "1,2";
			};
			name = Release;
		};
		7DCD7677251F05F100ED391E /* Debug */ = {
			isa = XCBuildConfiguration;
			baseConfigurationReference = C4B10CDD79755B16DFFC01A4 /* Pods-ClassTimeTests.debug.xcconfig */;
			buildSettings = {
				ALWAYS_EMBED_SWIFT_STANDARD_LIBRARIES = YES;
				BUNDLE_LOADER = "$(TEST_HOST)";
				CODE_SIGN_STYLE = Automatic;
				INFOPLIST_FILE = ClassTimeTests/Info.plist;
				IPHONEOS_DEPLOYMENT_TARGET = 14.0;
				LD_RUNPATH_SEARCH_PATHS = (
					"$(inherited)",
					"@executable_path/Frameworks",
					"@loader_path/Frameworks",
				);
				PRODUCT_BUNDLE_IDENTIFIER = com.reinergonzalez.ClassTimeTests;
				PRODUCT_NAME = "$(TARGET_NAME)";
				SWIFT_VERSION = 5.0;
				TARGETED_DEVICE_FAMILY = "1,2";
				TEST_HOST = "$(BUILT_PRODUCTS_DIR)/ClassTime.app/ClassTime";
			};
			name = Debug;
		};
		7DCD7678251F05F100ED391E /* Release */ = {
			isa = XCBuildConfiguration;
			baseConfigurationReference = 5A4DAF2B5FE911993B2E9795 /* Pods-ClassTimeTests.release.xcconfig */;
			buildSettings = {
				ALWAYS_EMBED_SWIFT_STANDARD_LIBRARIES = YES;
				BUNDLE_LOADER = "$(TEST_HOST)";
				CODE_SIGN_STYLE = Automatic;
				INFOPLIST_FILE = ClassTimeTests/Info.plist;
				IPHONEOS_DEPLOYMENT_TARGET = 14.0;
				LD_RUNPATH_SEARCH_PATHS = (
					"$(inherited)",
					"@executable_path/Frameworks",
					"@loader_path/Frameworks",
				);
				PRODUCT_BUNDLE_IDENTIFIER = com.reinergonzalez.ClassTimeTests;
				PRODUCT_NAME = "$(TARGET_NAME)";
				SWIFT_VERSION = 5.0;
				TARGETED_DEVICE_FAMILY = "1,2";
				TEST_HOST = "$(BUILT_PRODUCTS_DIR)/ClassTime.app/ClassTime";
			};
			name = Release;
		};
		7DCD767A251F05F100ED391E /* Debug */ = {
			isa = XCBuildConfiguration;
			baseConfigurationReference = 46AA9D7134138ABE838DD36D /* Pods-ClassTime-ClassTimeUITests.debug.xcconfig */;
			buildSettings = {
				ALWAYS_EMBED_SWIFT_STANDARD_LIBRARIES = YES;
				CODE_SIGN_STYLE = Automatic;
				INFOPLIST_FILE = ClassTimeUITests/Info.plist;
				LD_RUNPATH_SEARCH_PATHS = (
					"$(inherited)",
					"@executable_path/Frameworks",
					"@loader_path/Frameworks",
				);
				PRODUCT_BUNDLE_IDENTIFIER = com.reinergonzalez.ClassTimeUITests;
				PRODUCT_NAME = "$(TARGET_NAME)";
				SWIFT_VERSION = 5.0;
				TARGETED_DEVICE_FAMILY = "1,2";
				TEST_TARGET_NAME = ClassTime;
			};
			name = Debug;
		};
		7DCD767B251F05F100ED391E /* Release */ = {
			isa = XCBuildConfiguration;
			baseConfigurationReference = 8FBCFAB9BCCD8AE1B38B7B14 /* Pods-ClassTime-ClassTimeUITests.release.xcconfig */;
			buildSettings = {
				ALWAYS_EMBED_SWIFT_STANDARD_LIBRARIES = YES;
				CODE_SIGN_STYLE = Automatic;
				INFOPLIST_FILE = ClassTimeUITests/Info.plist;
				LD_RUNPATH_SEARCH_PATHS = (
					"$(inherited)",
					"@executable_path/Frameworks",
					"@loader_path/Frameworks",
				);
				PRODUCT_BUNDLE_IDENTIFIER = com.reinergonzalez.ClassTimeUITests;
				PRODUCT_NAME = "$(TARGET_NAME)";
				SWIFT_VERSION = 5.0;
				TARGETED_DEVICE_FAMILY = "1,2";
				TEST_TARGET_NAME = ClassTime;
			};
			name = Release;
		};
/* End XCBuildConfiguration section */

/* Begin XCConfigurationList section */
		7DCD7641251F05ED00ED391E /* Build configuration list for PBXProject "ClassTime" */ = {
			isa = XCConfigurationList;
			buildConfigurations = (
				7DCD7671251F05F100ED391E /* Debug */,
				7DCD7672251F05F100ED391E /* Release */,
			);
			defaultConfigurationIsVisible = 0;
			defaultConfigurationName = Release;
		};
		7DCD7673251F05F100ED391E /* Build configuration list for PBXNativeTarget "ClassTime" */ = {
			isa = XCConfigurationList;
			buildConfigurations = (
				7DCD7674251F05F100ED391E /* Debug */,
				7DCD7675251F05F100ED391E /* Release */,
			);
			defaultConfigurationIsVisible = 0;
			defaultConfigurationName = Release;
		};
		7DCD7676251F05F100ED391E /* Build configuration list for PBXNativeTarget "ClassTimeTests" */ = {
			isa = XCConfigurationList;
			buildConfigurations = (
				7DCD7677251F05F100ED391E /* Debug */,
				7DCD7678251F05F100ED391E /* Release */,
			);
			defaultConfigurationIsVisible = 0;
			defaultConfigurationName = Release;
		};
		7DCD7679251F05F100ED391E /* Build configuration list for PBXNativeTarget "ClassTimeUITests" */ = {
			isa = XCConfigurationList;
			buildConfigurations = (
				7DCD767A251F05F100ED391E /* Debug */,
				7DCD767B251F05F100ED391E /* Release */,
			);
			defaultConfigurationIsVisible = 0;
			defaultConfigurationName = Release;
		};
/* End XCConfigurationList section */

/* Begin XCVersionGroup section */
		7DCD7652251F05EE00ED391E /* ClassTime.xcdatamodeld */ = {
			isa = XCVersionGroup;
			children = (
				7DCD7653251F05EE00ED391E /* ClassTime.xcdatamodel */,
			);
			currentVersion = 7DCD7653251F05EE00ED391E /* ClassTime.xcdatamodel */;
			path = ClassTime.xcdatamodeld;
			sourceTree = "<group>";
			versionGroupType = wrapper.xcdatamodel;
		};
/* End XCVersionGroup section */
	};
	rootObject = 7DCD763E251F05ED00ED391E /* Project object */;
}
